{
  "version": 4,
  "terraform_version": "0.12.18",
  "serial": 6,
  "lineage": "5866d18f-b803-9974-ec19-04438ee1003a",
  "outputs": {},
  "resources": [
    {
      "mode": "managed",
      "type": "openstack_compute_instance_v2",
      "name": "test_instance",
      "provider": "provider.openstack",
      "instances": [
        {
          "schema_version": 0,
          "attributes": {
            "access_ip_v4": "192.168.100.178",
            "access_ip_v6": "",
            "admin_pass": null,
            "all_metadata": {},
            "all_tags": [],
            "availability_zone": "nova",
            "availability_zone_hints": null,
            "block_device": [
              {
                "boot_index": 0,
                "delete_on_termination": true,
                "destination_type": "volume",
                "device_type": "",
                "disk_bus": "",
                "guest_format": "",
                "source_type": "blank",
                "uuid": "",
                "volume_size": 80,
                "volume_type": ""
              }
            ],
            "config_drive": null,
            "flavor_id": "1",
            "flavor_name": "m1.tiny",
            "floating_ip": null,
            "force_delete": false,
            "id": "6b454cb5-78ea-466d-acfe-5a2e897c31dd",
            "image_id": "Attempt to boot from volume - no image supplied",
            "image_name": "ubuntu18.04",
            "key_pair": "OpenStack",
            "metadata": null,
            "name": "test_instance",
            "network": [
              {
                "access_network": false,
                "fixed_ip_v4": "192.168.100.178",
                "fixed_ip_v6": "",
                "floating_ip": "",
                "mac": "fa:16:3e:f2:38:3d",
                "name": "private_network",
                "port": "",
                "uuid": "492156d5-cf19-421a-9df1-fa344336e2a7"
              }
            ],
            "personality": [],
            "power_state": "active",
            "region": "",
            "scheduler_hints": [],
            "security_groups": [
              "default"
            ],
            "stop_before_destroy": false,
            "tags": null,
            "timeouts": null,
            "user_data": null,
            "vendor_options": [],
            "volume": []
          },
          "private": "eyJlMmJmYjczMC1lY2FhLTExZTYtOGY4OC0zNDM2M2JjN2M0YzAiOnsiY3JlYXRlIjoxODAwMDAwMDAwMDAwLCJkZWxldGUiOjE4MDAwMDAwMDAwMDAsInVwZGF0ZSI6MTgwMDAwMDAwMDAwMH19"
        }
      ]
    }
  ]
}
